// !$*UTF8*$!
{
	archiveVersion = 1;
	classes = {
	};
	objectVersion = 56;
	objects = {

/* Begin PBXBuildFile section */
		0A0225734E71E530B636D81C /* libPods-福迪吃吃.a in Frameworks */ = {isa = PBXBuildFile; fileRef = AF39B4D83D9BDD4E324C7D6B /* libPods-福迪吃吃.a */; };
		40682AF32A320DFC0014DDB7 /* Sign_in_ViewController.m in Sources */ = {isa = PBXBuildFile; fileRef = 40682AF22A320DFC0014DDB7 /* Sign_in_ViewController.m */; };
		40682AF62A320E0D0014DDB7 /* Sign_up_ViewController.m in Sources */ = {isa = PBXBuildFile; fileRef = 40682AF52A320E0D0014DDB7 /* Sign_up_ViewController.m */; };
		40C75A9B2A3334BF00B66207 /* xiangyoujiantou.png in Resources */ = {isa = PBXBuildFile; fileRef = 40C75A9A2A3334BF00B66207 /* xiangyoujiantou.png */; };
		40C786FC2A49C31C00AA447F /* RecordViewController.m in Sources */ = {isa = PBXBuildFile; fileRef = 40C786FB2A49C31C00AA447F /* RecordViewController.m */; };
		40C786FF2A49C32D00AA447F /* PublishViewController.m in Sources */ = {isa = PBXBuildFile; fileRef = 40C786FE2A49C32D00AA447F /* PublishViewController.m */; };
		40C787022A49C34100AA447F /* ShopViewController.m in Sources */ = {isa = PBXBuildFile; fileRef = 40C787012A49C34100AA447F /* ShopViewController.m */; };
		40C787052A49C34B00AA447F /* MineViewController.m in Sources */ = {isa = PBXBuildFile; fileRef = 40C787042A49C34B00AA447F /* MineViewController.m */; };
		40C787082A49CB8C00AA447F /* 记录.png in Resources */ = {isa = PBXBuildFile; fileRef = 40C787072A49CB8C00AA447F /* 记录.png */; };
		40C7870A2A49CB9000AA447F /* 商场.png in Resources */ = {isa = PBXBuildFile; fileRef = 40C787092A49CB9000AA447F /* 商场.png */; };
		40C7870C2A49CB9500AA447F /* 美食.png in Resources */ = {isa = PBXBuildFile; fileRef = 40C7870B2A49CB9500AA447F /* 美食.png */; };
		40C7870E2A49CB9F00AA447F /* 我的.png in Resources */ = {isa = PBXBuildFile; fileRef = 40C7870D2A49CB9F00AA447F /* 我的.png */; };
		40C787102A49CF4800AA447F /* Ellipse 2.png in Resources */ = {isa = PBXBuildFile; fileRef = 40C7870F2A49CF4700AA447F /* Ellipse 2.png */; };
		40C787122A49CF4D00AA447F /* Frame 61.png in Resources */ = {isa = PBXBuildFile; fileRef = 40C787112A49CF4D00AA447F /* Frame 61.png */; };
		40C787142A49CF5200AA447F /* Frame 59.png in Resources */ = {isa = PBXBuildFile; fileRef = 40C787132A49CF5200AA447F /* Frame 59.png */; };
		40C787162A49D49E00AA447F /* Ellipse 94.png in Resources */ = {isa = PBXBuildFile; fileRef = 40C787152A49D49E00AA447F /* Ellipse 94.png */; };
		40C787192A4AE84D00AA447F /* backImage.png in Resources */ = {isa = PBXBuildFile; fileRef = 40C787182A4AE84D00AA447F /* backImage.png */; };
		40C787232A4AEA2C00AA447F /* Frame 67.png in Resources */ = {isa = PBXBuildFile; fileRef = 40C7871B2A4AEA2C00AA447F /* Frame 67.png */; };
		40C787242A4AEA2C00AA447F /* Frame 66.png in Resources */ = {isa = PBXBuildFile; fileRef = 40C7871C2A4AEA2C00AA447F /* Frame 66.png */; };
		40C787252A4AEA2C00AA447F /* Frame 64.png in Resources */ = {isa = PBXBuildFile; fileRef = 40C7871D2A4AEA2C00AA447F /* Frame 64.png */; };
		40C787262A4AEA2C00AA447F /* Frame 65.png in Resources */ = {isa = PBXBuildFile; fileRef = 40C7871E2A4AEA2C00AA447F /* Frame 65.png */; };
		40C787272A4AEA2C00AA447F /* Frame 62.png in Resources */ = {isa = PBXBuildFile; fileRef = 40C7871F2A4AEA2C00AA447F /* Frame 62.png */; };
		40C787282A4AEA2C00AA447F /* Frame 63.png in Resources */ = {isa = PBXBuildFile; fileRef = 40C787202A4AEA2C00AA447F /* Frame 63.png */; };
		40C787292A4AEA2C00AA447F /* Frame 68.png in Resources */ = {isa = PBXBuildFile; fileRef = 40C787212A4AEA2C00AA447F /* Frame 68.png */; };
		40C7872A2A4AEA2C00AA447F /* Frame 69.png in Resources */ = {isa = PBXBuildFile; fileRef = 40C787222A4AEA2C00AA447F /* Frame 69.png */; };
		40C7872D2A4AECDE00AA447F /* PublishView.m in Sources */ = {isa = PBXBuildFile; fileRef = 40C7872C2A4AECDE00AA447F /* PublishView.m */; };
		40C7872F2A4B116400AA447F /* Frame 32.png in Resources */ = {isa = PBXBuildFile; fileRef = 40C7872E2A4B116400AA447F /* Frame 32.png */; };
		40C787312A4B116900AA447F /* Frame 31.png in Resources */ = {isa = PBXBuildFile; fileRef = 40C787302A4B116900AA447F /* Frame 31.png */; };
		40C787352A4B1F5100AA447F /* SelectFoodViewController.m in Sources */ = {isa = PBXBuildFile; fileRef = 40C787342A4B1F5100AA447F /* SelectFoodViewController.m */; };
		40C787372A4B262400AA447F /* 返回 5.png in Resources */ = {isa = PBXBuildFile; fileRef = 40C787362A4B262400AA447F /* 返回 5.png */; };
		40C787392A4B262900AA447F /* 搜索 1.png in Resources */ = {isa = PBXBuildFile; fileRef = 40C787382A4B262900AA447F /* 搜索 1.png */; };
		40C7873B2A4B262E00AA447F /* Rectangle 125.png in Resources */ = {isa = PBXBuildFile; fileRef = 40C7873A2A4B262E00AA447F /* Rectangle 125.png */; };
		40C7873D2A4B263100AA447F /* Rectangle 126.png in Resources */ = {isa = PBXBuildFile; fileRef = 40C7873C2A4B263100AA447F /* Rectangle 126.png */; };
		40CEE2D12A308835004CED4B /* AppDelegate.m in Sources */ = {isa = PBXBuildFile; fileRef = 40CEE2D02A308835004CED4B /* AppDelegate.m */; };
		40CEE2D42A308835004CED4B /* SceneDelegate.m in Sources */ = {isa = PBXBuildFile; fileRef = 40CEE2D32A308835004CED4B /* SceneDelegate.m */; };
		40CEE2DA2A308835004CED4B /* Main.storyboard in Resources */ = {isa = PBXBuildFile; fileRef = 40CEE2D82A308835004CED4B /* Main.storyboard */; };
		40CEE2DC2A308836004CED4B /* Assets.xcassets in Resources */ = {isa = PBXBuildFile; fileRef = 40CEE2DB2A308836004CED4B /* Assets.xcassets */; };
		40CEE2DF2A308836004CED4B /* LaunchScreen.storyboard in Resources */ = {isa = PBXBuildFile; fileRef = 40CEE2DD2A308836004CED4B /* LaunchScreen.storyboard */; };
		40CEE2E22A308836004CED4B /* main.m in Sources */ = {isa = PBXBuildFile; fileRef = 40CEE2E12A308836004CED4B /* main.m */; };
		40CEE2EC2A308836004CED4B /* ____Tests.m in Sources */ = {isa = PBXBuildFile; fileRef = 40CEE2EB2A308836004CED4B /* ____Tests.m */; };
		40CEE2F62A308836004CED4B /* ____UITests.m in Sources */ = {isa = PBXBuildFile; fileRef = 40CEE2F52A308836004CED4B /* ____UITests.m */; };
		40CEE2F82A308836004CED4B /* ____UITestsLaunchTests.m in Sources */ = {isa = PBXBuildFile; fileRef = 40CEE2F72A308836004CED4B /* ____UITestsLaunchTests.m */; };
/* End PBXBuildFile section */

/* Begin PBXContainerItemProxy section */
		40CEE2E82A308836004CED4B /* PBXContainerItemProxy */ = {
			isa = PBXContainerItemProxy;
			containerPortal = 40CEE2C42A308835004CED4B /* Project object */;
			proxyType = 1;
			remoteGlobalIDString = 40CEE2CB2A308835004CED4B;
			remoteInfo = "福迪吃吃";
		};
		40CEE2F22A308836004CED4B /* PBXContainerItemProxy */ = {
			isa = PBXContainerItemProxy;
			containerPortal = 40CEE2C42A308835004CED4B /* Project object */;
			proxyType = 1;
			remoteGlobalIDString = 40CEE2CB2A308835004CED4B;
			remoteInfo = "福迪吃吃";
		};
/* End PBXContainerItemProxy section */

/* Begin PBXFileReference section */
		40682AF12A320DFC0014DDB7 /* Sign_in_ViewController.h */ = {isa = PBXFileReference; lastKnownFileType = sourcecode.c.h; path = Sign_in_ViewController.h; sourceTree = "<group>"; };
		40682AF22A320DFC0014DDB7 /* Sign_in_ViewController.m */ = {isa = PBXFileReference; lastKnownFileType = sourcecode.c.objc; path = Sign_in_ViewController.m; sourceTree = "<group>"; };
		40682AF42A320E0D0014DDB7 /* Sign_up_ViewController.h */ = {isa = PBXFileReference; lastKnownFileType = sourcecode.c.h; path = Sign_up_ViewController.h; sourceTree = "<group>"; };
		40682AF52A320E0D0014DDB7 /* Sign_up_ViewController.m */ = {isa = PBXFileReference; lastKnownFileType = sourcecode.c.objc; path = Sign_up_ViewController.m; sourceTree = "<group>"; };
		40C75A9A2A3334BF00B66207 /* xiangyoujiantou.png */ = {isa = PBXFileReference; lastKnownFileType = image.png; path = xiangyoujiantou.png; sourceTree = "<group>"; };
		40C786FA2A49C31C00AA447F /* RecordViewController.h */ = {isa = PBXFileReference; lastKnownFileType = sourcecode.c.h; path = RecordViewController.h; sourceTree = "<group>"; };
		40C786FB2A49C31C00AA447F /* RecordViewController.m */ = {isa = PBXFileReference; lastKnownFileType = sourcecode.c.objc; path = RecordViewController.m; sourceTree = "<group>"; };
		40C786FD2A49C32D00AA447F /* PublishViewController.h */ = {isa = PBXFileReference; lastKnownFileType = sourcecode.c.h; path = PublishViewController.h; sourceTree = "<group>"; };
		40C786FE2A49C32D00AA447F /* PublishViewController.m */ = {isa = PBXFileReference; lastKnownFileType = sourcecode.c.objc; path = PublishViewController.m; sourceTree = "<group>"; };
		40C787002A49C34100AA447F /* ShopViewController.h */ = {isa = PBXFileReference; lastKnownFileType = sourcecode.c.h; path = ShopViewController.h; sourceTree = "<group>"; };
		40C787012A49C34100AA447F /* ShopViewController.m */ = {isa = PBXFileReference; lastKnownFileType = sourcecode.c.objc; path = ShopViewController.m; sourceTree = "<group>"; };
		40C787032A49C34B00AA447F /* MineViewController.h */ = {isa = PBXFileReference; lastKnownFileType = sourcecode.c.h; path = MineViewController.h; sourceTree = "<group>"; };
		40C787042A49C34B00AA447F /* MineViewController.m */ = {isa = PBXFileReference; lastKnownFileType = sourcecode.c.objc; path = MineViewController.m; sourceTree = "<group>"; };
		40C787072A49CB8C00AA447F /* 记录.png */ = {isa = PBXFileReference; lastKnownFileType = image.png; path = "记录.png"; sourceTree = "<group>"; };
		40C787092A49CB9000AA447F /* 商场.png */ = {isa = PBXFileReference; lastKnownFileType = image.png; path = "商场.png"; sourceTree = "<group>"; };
		40C7870B2A49CB9500AA447F /* 美食.png */ = {isa = PBXFileReference; lastKnownFileType = image.png; path = "美食.png"; sourceTree = "<group>"; };
		40C7870D2A49CB9F00AA447F /* 我的.png */ = {isa = PBXFileReference; lastKnownFileType = image.png; path = "我的.png"; sourceTree = "<group>"; };
		40C7870F2A49CF4700AA447F /* Ellipse 2.png */ = {isa = PBXFileReference; lastKnownFileType = image.png; path = "Ellipse 2.png"; sourceTree = "<group>"; };
		40C787112A49CF4D00AA447F /* Frame 61.png */ = {isa = PBXFileReference; lastKnownFileType = image.png; path = "Frame 61.png"; sourceTree = "<group>"; };
		40C787132A49CF5200AA447F /* Frame 59.png */ = {isa = PBXFileReference; lastKnownFileType = image.png; path = "Frame 59.png"; sourceTree = "<group>"; };
		40C787152A49D49E00AA447F /* Ellipse 94.png */ = {isa = PBXFileReference; lastKnownFileType = image.png; path = "Ellipse 94.png"; sourceTree = "<group>"; };
		40C787182A4AE84D00AA447F /* backImage.png */ = {isa = PBXFileReference; lastKnownFileType = image.png; path = backImage.png; sourceTree = "<group>"; };
		40C7871B2A4AEA2C00AA447F /* Frame 67.png */ = {isa = PBXFileReference; lastKnownFileType = image.png; path = "Frame 67.png"; sourceTree = "<group>"; };
		40C7871C2A4AEA2C00AA447F /* Frame 66.png */ = {isa = PBXFileReference; lastKnownFileType = image.png; path = "Frame 66.png"; sourceTree = "<group>"; };
		40C7871D2A4AEA2C00AA447F /* Frame 64.png */ = {isa = PBXFileReference; lastKnownFileType = image.png; path = "Frame 64.png"; sourceTree = "<group>"; };
		40C7871E2A4AEA2C00AA447F /* Frame 65.png */ = {isa = PBXFileReference; lastKnownFileType = image.png; path = "Frame 65.png"; sourceTree = "<group>"; };
		40C7871F2A4AEA2C00AA447F /* Frame 62.png */ = {isa = PBXFileReference; lastKnownFileType = image.png; path = "Frame 62.png"; sourceTree = "<group>"; };
		40C787202A4AEA2C00AA447F /* Frame 63.png */ = {isa = PBXFileReference; lastKnownFileType = image.png; path = "Frame 63.png"; sourceTree = "<group>"; };
		40C787212A4AEA2C00AA447F /* Frame 68.png */ = {isa = PBXFileReference; lastKnownFileType = image.png; path = "Frame 68.png"; sourceTree = "<group>"; };
		40C787222A4AEA2C00AA447F /* Frame 69.png */ = {isa = PBXFileReference; lastKnownFileType = image.png; path = "Frame 69.png"; sourceTree = "<group>"; };
		40C7872B2A4AECDE00AA447F /* PublishView.h */ = {isa = PBXFileReference; lastKnownFileType = sourcecode.c.h; path = PublishView.h; sourceTree = "<group>"; };
		40C7872C2A4AECDE00AA447F /* PublishView.m */ = {isa = PBXFileReference; lastKnownFileType = sourcecode.c.objc; path = PublishView.m; sourceTree = "<group>"; };
		40C7872E2A4B116400AA447F /* Frame 32.png */ = {isa = PBXFileReference; lastKnownFileType = image.png; path = "Frame 32.png"; sourceTree = "<group>"; };
		40C787302A4B116900AA447F /* Frame 31.png */ = {isa = PBXFileReference; lastKnownFileType = image.png; path = "Frame 31.png"; sourceTree = "<group>"; };
		40C787332A4B1F5100AA447F /* SelectFoodViewController.h */ = {isa = PBXFileReference; lastKnownFileType = sourcecode.c.h; path = SelectFoodViewController.h; sourceTree = "<group>"; };
		40C787342A4B1F5100AA447F /* SelectFoodViewController.m */ = {isa = PBXFileReference; lastKnownFileType = sourcecode.c.objc; path = SelectFoodViewController.m; sourceTree = "<group>"; };
		40C787362A4B262400AA447F /* 返回 5.png */ = {isa = PBXFileReference; lastKnownFileType = image.png; path = "返回 5.png"; sourceTree = "<group>"; };
		40C787382A4B262900AA447F /* 搜索 1.png */ = {isa = PBXFileReference; lastKnownFileType = image.png; path = "搜索 1.png"; sourceTree = "<group>"; };
		40C7873A2A4B262E00AA447F /* Rectangle 125.png */ = {isa = PBXFileReference; lastKnownFileType = image.png; path = "Rectangle 125.png"; sourceTree = "<group>"; };
		40C7873C2A4B263100AA447F /* Rectangle 126.png */ = {isa = PBXFileReference; lastKnownFileType = image.png; path = "Rectangle 126.png"; sourceTree = "<group>"; };
		40CEE2CC2A308835004CED4B /* 福迪吃吃.app */ = {isa = PBXFileReference; explicitFileType = wrapper.application; includeInIndex = 0; path = "福迪吃吃.app"; sourceTree = BUILT_PRODUCTS_DIR; };
		40CEE2CF2A308835004CED4B /* AppDelegate.h */ = {isa = PBXFileReference; lastKnownFileType = sourcecode.c.h; path = AppDelegate.h; sourceTree = "<group>"; };
		40CEE2D02A308835004CED4B /* AppDelegate.m */ = {isa = PBXFileReference; lastKnownFileType = sourcecode.c.objc; path = AppDelegate.m; sourceTree = "<group>"; };
		40CEE2D22A308835004CED4B /* SceneDelegate.h */ = {isa = PBXFileReference; lastKnownFileType = sourcecode.c.h; path = SceneDelegate.h; sourceTree = "<group>"; };
		40CEE2D32A308835004CED4B /* SceneDelegate.m */ = {isa = PBXFileReference; lastKnownFileType = sourcecode.c.objc; path = SceneDelegate.m; sourceTree = "<group>"; };
		40CEE2D92A308835004CED4B /* Base */ = {isa = PBXFileReference; lastKnownFileType = file.storyboard; name = Base; path = Base.lproj/Main.storyboard; sourceTree = "<group>"; };
		40CEE2DB2A308836004CED4B /* Assets.xcassets */ = {isa = PBXFileReference; lastKnownFileType = folder.assetcatalog; path = Assets.xcassets; sourceTree = "<group>"; };
		40CEE2DE2A308836004CED4B /* Base */ = {isa = PBXFileReference; lastKnownFileType = file.storyboard; name = Base; path = Base.lproj/LaunchScreen.storyboard; sourceTree = "<group>"; };
		40CEE2E02A308836004CED4B /* Info.plist */ = {isa = PBXFileReference; lastKnownFileType = text.plist.xml; path = Info.plist; sourceTree = "<group>"; };
		40CEE2E12A308836004CED4B /* main.m */ = {isa = PBXFileReference; lastKnownFileType = sourcecode.c.objc; path = main.m; sourceTree = "<group>"; };
		40CEE2E72A308836004CED4B /* 福迪吃吃Tests.xctest */ = {isa = PBXFileReference; explicitFileType = wrapper.cfbundle; includeInIndex = 0; path = "福迪吃吃Tests.xctest"; sourceTree = BUILT_PRODUCTS_DIR; };
		40CEE2EB2A308836004CED4B /* ____Tests.m */ = {isa = PBXFileReference; lastKnownFileType = sourcecode.c.objc; path = "____Tests.m"; sourceTree = "<group>"; };
		40CEE2F12A308836004CED4B /* 福迪吃吃UITests.xctest */ = {isa = PBXFileReference; explicitFileType = wrapper.cfbundle; includeInIndex = 0; path = "福迪吃吃UITests.xctest"; sourceTree = BUILT_PRODUCTS_DIR; };
		40CEE2F52A308836004CED4B /* ____UITests.m */ = {isa = PBXFileReference; lastKnownFileType = sourcecode.c.objc; path = "____UITests.m"; sourceTree = "<group>"; };
		40CEE2F72A308836004CED4B /* ____UITestsLaunchTests.m */ = {isa = PBXFileReference; lastKnownFileType = sourcecode.c.objc; path = "____UITestsLaunchTests.m"; sourceTree = "<group>"; };
		5C5AB2D90BF1A8F4FCF84213 /* Pods-福迪吃吃.debug.xcconfig */ = {isa = PBXFileReference; includeInIndex = 1; lastKnownFileType = text.xcconfig; name = "Pods-福迪吃吃.debug.xcconfig"; path = "Target Support Files/Pods-福迪吃吃/Pods-福迪吃吃.debug.xcconfig"; sourceTree = "<group>"; };
		AF39B4D83D9BDD4E324C7D6B /* libPods-福迪吃吃.a */ = {isa = PBXFileReference; explicitFileType = archive.ar; includeInIndex = 0; path = "libPods-福迪吃吃.a"; sourceTree = BUILT_PRODUCTS_DIR; };
		C570EAEC684B999B9EB42C90 /* Pods-福迪吃吃.release.xcconfig */ = {isa = PBXFileReference; includeInIndex = 1; lastKnownFileType = text.xcconfig; name = "Pods-福迪吃吃.release.xcconfig"; path = "Target Support Files/Pods-福迪吃吃/Pods-福迪吃吃.release.xcconfig"; sourceTree = "<group>"; };
/* End PBXFileReference section */

/* Begin PBXFrameworksBuildPhase section */
		40CEE2C92A308835004CED4B /* Frameworks */ = {
			isa = PBXFrameworksBuildPhase;
			buildActionMask = 2147483647;
			files = (
				0A0225734E71E530B636D81C /* libPods-福迪吃吃.a in Frameworks */,
			);
			runOnlyForDeploymentPostprocessing = 0;
		};
		40CEE2E42A308836004CED4B /* Frameworks */ = {
			isa = PBXFrameworksBuildPhase;
			buildActionMask = 2147483647;
			files = (
			);
			runOnlyForDeploymentPostprocessing = 0;
		};
		40CEE2EE2A308836004CED4B /* Frameworks */ = {
			isa = PBXFrameworksBuildPhase;
			buildActionMask = 2147483647;
			files = (
			);
			runOnlyForDeploymentPostprocessing = 0;
		};
/* End PBXFrameworksBuildPhase section */

/* Begin PBXGroup section */
		40682AF02A320D9C0014DDB7 /* Account */ = {
			isa = PBXGroup;
			children = (
				40682AF12A320DFC0014DDB7 /* Sign_in_ViewController.h */,
				40682AF22A320DFC0014DDB7 /* Sign_in_ViewController.m */,
				40682AF42A320E0D0014DDB7 /* Sign_up_ViewController.h */,
				40682AF52A320E0D0014DDB7 /* Sign_up_ViewController.m */,
			);
			path = Account;
			sourceTree = "<group>";
		};
		40682AF72A3223A50014DDB7 /* images */ = {
			isa = PBXGroup;
			children = (
				40C787322A4B1CE300AA447F /* InPublish */,
				40C787172A4AE83000AA447F /* InRecord */,
				40C787062A49CB5800AA447F /* InMain */,
				40682AF82A3223B40014DDB7 /* InSign */,
			);
			path = images;
			sourceTree = "<group>";
		};
		40682AF82A3223B40014DDB7 /* InSign */ = {
			isa = PBXGroup;
			children = (
				40C75A9A2A3334BF00B66207 /* xiangyoujiantou.png */,
				40C7870F2A49CF4700AA447F /* Ellipse 2.png */,
			);
			path = InSign;
			sourceTree = "<group>";
		};
		40C786F62A49C26D00AA447F /* Record */ = {
			isa = PBXGroup;
			children = (
				40C786FA2A49C31C00AA447F /* RecordViewController.h */,
				40C786FB2A49C31C00AA447F /* RecordViewController.m */,
			);
			path = Record;
			sourceTree = "<group>";
		};
		40C786F72A49C27F00AA447F /* Publish */ = {
			isa = PBXGroup;
			children = (
				40C786FD2A49C32D00AA447F /* PublishViewController.h */,
				40C786FE2A49C32D00AA447F /* PublishViewController.m */,
				40C7872B2A4AECDE00AA447F /* PublishView.h */,
				40C7872C2A4AECDE00AA447F /* PublishView.m */,
				40C787332A4B1F5100AA447F /* SelectFoodViewController.h */,
				40C787342A4B1F5100AA447F /* SelectFoodViewController.m */,
			);
			path = Publish;
			sourceTree = "<group>";
		};
		40C786F82A49C2CB00AA447F /* Shop */ = {
			isa = PBXGroup;
			children = (
				40C787002A49C34100AA447F /* ShopViewController.h */,
				40C787012A49C34100AA447F /* ShopViewController.m */,
			);
			path = Shop;
			sourceTree = "<group>";
		};
		40C786F92A49C2D500AA447F /* Mine */ = {
			isa = PBXGroup;
			children = (
				40C787032A49C34B00AA447F /* MineViewController.h */,
				40C787042A49C34B00AA447F /* MineViewController.m */,
			);
			path = Mine;
			sourceTree = "<group>";
		};
		40C787062A49CB5800AA447F /* InMain */ = {
			isa = PBXGroup;
			children = (
				40C7870D2A49CB9F00AA447F /* 我的.png */,
				40C7870B2A49CB9500AA447F /* 美食.png */,
				40C787092A49CB9000AA447F /* 商场.png */,
				40C787072A49CB8C00AA447F /* 记录.png */,
				40C787112A49CF4D00AA447F /* Frame 61.png */,
				40C787132A49CF5200AA447F /* Frame 59.png */,
				40C787152A49D49E00AA447F /* Ellipse 94.png */,
			);
			path = InMain;
			sourceTree = "<group>";
		};
		40C787172A4AE83000AA447F /* InRecord */ = {
			isa = PBXGroup;
			children = (
				40C787182A4AE84D00AA447F /* backImage.png */,
			);
			path = InRecord;
			sourceTree = "<group>";
		};
		40C7871A2A4AEA2C00AA447F /* 家长导航栏icon */ = {
			isa = PBXGroup;
			children = (
				40C7871B2A4AEA2C00AA447F /* Frame 67.png */,
				40C7871C2A4AEA2C00AA447F /* Frame 66.png */,
				40C7871D2A4AEA2C00AA447F /* Frame 64.png */,
				40C7871E2A4AEA2C00AA447F /* Frame 65.png */,
				40C7871F2A4AEA2C00AA447F /* Frame 62.png */,
				40C787202A4AEA2C00AA447F /* Frame 63.png */,
				40C787212A4AEA2C00AA447F /* Frame 68.png */,
				40C787222A4AEA2C00AA447F /* Frame 69.png */,
			);
			path = "家长导航栏icon";
			sourceTree = "<group>";
		};
		40C787322A4B1CE300AA447F /* InPublish */ = {
			isa = PBXGroup;
			children = (
				40C7873C2A4B263100AA447F /* Rectangle 126.png */,
				40C7873A2A4B262E00AA447F /* Rectangle 125.png */,
				40C787382A4B262900AA447F /* 搜索 1.png */,
				40C787362A4B262400AA447F /* 返回 5.png */,
				40C787302A4B116900AA447F /* Frame 31.png */,
				40C7872E2A4B116400AA447F /* Frame 32.png */,
			);
			path = InPublish;
			sourceTree = "<group>";
		};
		40CEE2C32A308835004CED4B = {
			isa = PBXGroup;
			children = (
				40C7871A2A4AEA2C00AA447F /* 家长导航栏icon */,
				40682AF72A3223A50014DDB7 /* images */,
				40CEE2CE2A308835004CED4B /* 福迪吃吃 */,
				40CEE2EA2A308836004CED4B /* 福迪吃吃Tests */,
				40CEE2F42A308836004CED4B /* 福迪吃吃UITests */,
				40CEE2CD2A308835004CED4B /* Products */,
				540B0950CE652C3673B94E18 /* Pods */,
				4184EB54DFD0BC9CBDAD7A81 /* Frameworks */,
			);
			sourceTree = "<group>";
		};
		40CEE2CD2A308835004CED4B /* Products */ = {
			isa = PBXGroup;
			children = (
				40CEE2CC2A308835004CED4B /* 福迪吃吃.app */,
				40CEE2E72A308836004CED4B /* 福迪吃吃Tests.xctest */,
				40CEE2F12A308836004CED4B /* 福迪吃吃UITests.xctest */,
			);
			name = Products;
			sourceTree = "<group>";
		};
		40CEE2CE2A308835004CED4B /* 福迪吃吃 */ = {
			isa = PBXGroup;
			children = (
				40CEE2CF2A308835004CED4B /* AppDelegate.h */,
				40CEE2D02A308835004CED4B /* AppDelegate.m */,
				40CEE2D22A308835004CED4B /* SceneDelegate.h */,
				40CEE2D32A308835004CED4B /* SceneDelegate.m */,
				40C786F62A49C26D00AA447F /* Record */,
				40C786F72A49C27F00AA447F /* Publish */,
				40C786F82A49C2CB00AA447F /* Shop */,
				40C786F92A49C2D500AA447F /* Mine */,
				40682AF02A320D9C0014DDB7 /* Account */,
				40CEE2D82A308835004CED4B /* Main.storyboard */,
				40CEE2DB2A308836004CED4B /* Assets.xcassets */,
				40CEE2DD2A308836004CED4B /* LaunchScreen.storyboard */,
				40CEE2E02A308836004CED4B /* Info.plist */,
				40CEE2E12A308836004CED4B /* main.m */,
			);
			path = "福迪吃吃";
			sourceTree = "<group>";
		};
		40CEE2EA2A308836004CED4B /* 福迪吃吃Tests */ = {
			isa = PBXGroup;
			children = (
				40CEE2EB2A308836004CED4B /* ____Tests.m */,
			);
			path = "福迪吃吃Tests";
			sourceTree = "<group>";
		};
		40CEE2F42A308836004CED4B /* 福迪吃吃UITests */ = {
			isa = PBXGroup;
			children = (
				40CEE2F52A308836004CED4B /* ____UITests.m */,
				40CEE2F72A308836004CED4B /* ____UITestsLaunchTests.m */,
			);
			path = "福迪吃吃UITests";
			sourceTree = "<group>";
		};
		4184EB54DFD0BC9CBDAD7A81 /* Frameworks */ = {
			isa = PBXGroup;
			children = (
				AF39B4D83D9BDD4E324C7D6B /* libPods-福迪吃吃.a */,
			);
			name = Frameworks;
			sourceTree = "<group>";
		};
		540B0950CE652C3673B94E18 /* Pods */ = {
			isa = PBXGroup;
			children = (
				5C5AB2D90BF1A8F4FCF84213 /* Pods-福迪吃吃.debug.xcconfig */,
				C570EAEC684B999B9EB42C90 /* Pods-福迪吃吃.release.xcconfig */,
			);
			path = Pods;
			sourceTree = "<group>";
		};
/* End PBXGroup section */

/* Begin PBXNativeTarget section */
		40CEE2CB2A308835004CED4B /* 福迪吃吃 */ = {
			isa = PBXNativeTarget;
			buildConfigurationList = 40CEE2FB2A308836004CED4B /* Build configuration list for PBXNativeTarget "福迪吃吃" */;
			buildPhases = (
				BE8FD94410FB7AFC57AD2923 /* [CP] Check Pods Manifest.lock */,
				40CEE2C82A308835004CED4B /* Sources */,
				40CEE2C92A308835004CED4B /* Frameworks */,
				40CEE2CA2A308835004CED4B /* Resources */,
			);
			buildRules = (
			);
			dependencies = (
			);
			name = "福迪吃吃";
			productName = "福迪吃吃";
			productReference = 40CEE2CC2A308835004CED4B /* 福迪吃吃.app */;
			productType = "com.apple.product-type.application";
		};
		40CEE2E62A308836004CED4B /* 福迪吃吃Tests */ = {
			isa = PBXNativeTarget;
			buildConfigurationList = 40CEE2FE2A308836004CED4B /* Build configuration list for PBXNativeTarget "福迪吃吃Tests" */;
			buildPhases = (
				40CEE2E32A308836004CED4B /* Sources */,
				40CEE2E42A308836004CED4B /* Frameworks */,
				40CEE2E52A308836004CED4B /* Resources */,
			);
			buildRules = (
			);
			dependencies = (
				40CEE2E92A308836004CED4B /* PBXTargetDependency */,
			);
			name = "福迪吃吃Tests";
			productName = "福迪吃吃Tests";
			productReference = 40CEE2E72A308836004CED4B /* 福迪吃吃Tests.xctest */;
			productType = "com.apple.product-type.bundle.unit-test";
		};
		40CEE2F02A308836004CED4B /* 福迪吃吃UITests */ = {
			isa = PBXNativeTarget;
			buildConfigurationList = 40CEE3012A308836004CED4B /* Build configuration list for PBXNativeTarget "福迪吃吃UITests" */;
			buildPhases = (
				40CEE2ED2A308836004CED4B /* Sources */,
				40CEE2EE2A308836004CED4B /* Frameworks */,
				40CEE2EF2A308836004CED4B /* Resources */,
			);
			buildRules = (
			);
			dependencies = (
				40CEE2F32A308836004CED4B /* PBXTargetDependency */,
			);
			name = "福迪吃吃UITests";
			productName = "福迪吃吃UITests";
			productReference = 40CEE2F12A308836004CED4B /* 福迪吃吃UITests.xctest */;
			productType = "com.apple.product-type.bundle.ui-testing";
		};
/* End PBXNativeTarget section */

/* Begin PBXProject section */
		40CEE2C42A308835004CED4B /* Project object */ = {
			isa = PBXProject;
			attributes = {
				BuildIndependentTargetsInParallel = 1;
				LastUpgradeCheck = 1430;
				TargetAttributes = {
					40CEE2CB2A308835004CED4B = {
						CreatedOnToolsVersion = 14.3;
					};
					40CEE2E62A308836004CED4B = {
						CreatedOnToolsVersion = 14.3;
						TestTargetID = 40CEE2CB2A308835004CED4B;
					};
					40CEE2F02A308836004CED4B = {
						CreatedOnToolsVersion = 14.3;
						TestTargetID = 40CEE2CB2A308835004CED4B;
					};
				};
			};
			buildConfigurationList = 40CEE2C72A308835004CED4B /* Build configuration list for PBXProject "福迪吃吃" */;
			compatibilityVersion = "Xcode 14.0";
			developmentRegion = en;
			hasScannedForEncodings = 0;
			knownRegions = (
				en,
				Base,
			);
			mainGroup = 40CEE2C32A308835004CED4B;
			productRefGroup = 40CEE2CD2A308835004CED4B /* Products */;
			projectDirPath = "";
			projectRoot = "";
			targets = (
				40CEE2CB2A308835004CED4B /* 福迪吃吃 */,
				40CEE2E62A308836004CED4B /* 福迪吃吃Tests */,
				40CEE2F02A308836004CED4B /* 福迪吃吃UITests */,
			);
		};
/* End PBXProject section */

/* Begin PBXResourcesBuildPhase section */
		40CEE2CA2A308835004CED4B /* Resources */ = {
			isa = PBXResourcesBuildPhase;
			buildActionMask = 2147483647;
			files = (
				40CEE2DF2A308836004CED4B /* LaunchScreen.storyboard in Resources */,
				40C787142A49CF5200AA447F /* Frame 59.png in Resources */,
				40C787122A49CF4D00AA447F /* Frame 61.png in Resources */,
				40C7870E2A49CB9F00AA447F /* 我的.png in Resources */,
				40C787252A4AEA2C00AA447F /* Frame 64.png in Resources */,
				40C75A9B2A3334BF00B66207 /* xiangyoujiantou.png in Resources */,
				40C787272A4AEA2C00AA447F /* Frame 62.png in Resources */,
				40C787232A4AEA2C00AA447F /* Frame 67.png in Resources */,
				40C787282A4AEA2C00AA447F /* Frame 63.png in Resources */,
				40C787242A4AEA2C00AA447F /* Frame 66.png in Resources */,
				40C7873D2A4B263100AA447F /* Rectangle 126.png in Resources */,
				40C787372A4B262400AA447F /* 返回 5.png in Resources */,
				40CEE2DC2A308836004CED4B /* Assets.xcassets in Resources */,
				40CEE2DA2A308835004CED4B /* Main.storyboard in Resources */,
				40C7873B2A4B262E00AA447F /* Rectangle 125.png in Resources */,
				40C7870C2A49CB9500AA447F /* 美食.png in Resources */,
				40C787192A4AE84D00AA447F /* backImage.png in Resources */,
				40C787162A49D49E00AA447F /* Ellipse 94.png in Resources */,
				40C787312A4B116900AA447F /* Frame 31.png in Resources */,
				40C787102A49CF4800AA447F /* Ellipse 2.png in Resources */,
				40C787292A4AEA2C00AA447F /* Frame 68.png in Resources */,
				40C7870A2A49CB9000AA447F /* 商场.png in Resources */,
				40C787392A4B262900AA447F /* 搜索 1.png in Resources */,
				40C7872A2A4AEA2C00AA447F /* Frame 69.png in Resources */,
				40C787262A4AEA2C00AA447F /* Frame 65.png in Resources */,
				40C787082A49CB8C00AA447F /* 记录.png in Resources */,
				40C7872F2A4B116400AA447F /* Frame 32.png in Resources */,
			);
			runOnlyForDeploymentPostprocessing = 0;
		};
		40CEE2E52A308836004CED4B /* Resources */ = {
			isa = PBXResourcesBuildPhase;
			buildActionMask = 2147483647;
			files = (
			);
			runOnlyForDeploymentPostprocessing = 0;
		};
		40CEE2EF2A308836004CED4B /* Resources */ = {
			isa = PBXResourcesBuildPhase;
			buildActionMask = 2147483647;
			files = (
			);
			runOnlyForDeploymentPostprocessing = 0;
		};
/* End PBXResourcesBuildPhase section */

/* Begin PBXShellScriptBuildPhase section */
		BE8FD94410FB7AFC57AD2923 /* [CP] Check Pods Manifest.lock */ = {
			isa = PBXShellScriptBuildPhase;
			buildActionMask = 2147483647;
			files = (
			);
			inputFileListPaths = (
			);
			inputPaths = (
				"${PODS_PODFILE_DIR_PATH}/Podfile.lock",
				"${PODS_ROOT}/Manifest.lock",
			);
			name = "[CP] Check Pods Manifest.lock";
			outputFileListPaths = (
			);
			outputPaths = (
				"$(DERIVED_FILE_DIR)/Pods-福迪吃吃-checkManifestLockResult.txt",
			);
			runOnlyForDeploymentPostprocessing = 0;
			shellPath = /bin/sh;
			shellScript = "diff \"${PODS_PODFILE_DIR_PATH}/Podfile.lock\" \"${PODS_ROOT}/Manifest.lock\" > /dev/null\nif [ $? != 0 ] ; then\n    # print error to STDERR\n    echo \"error: The sandbox is not in sync with the Podfile.lock. Run 'pod install' or update your CocoaPods installation.\" >&2\n    exit 1\nfi\n# This output is used by Xcode 'outputs' to avoid re-running this script phase.\necho \"SUCCESS\" > \"${SCRIPT_OUTPUT_FILE_0}\"\n";
			showEnvVarsInLog = 0;
		};
/* End PBXShellScriptBuildPhase section */

/* Begin PBXSourcesBuildPhase section */
		40CEE2C82A308835004CED4B /* Sources */ = {
			isa = PBXSourcesBuildPhase;
			buildActionMask = 2147483647;
			files = (
				40C787022A49C34100AA447F /* ShopViewController.m in Sources */,
				40CEE2D12A308835004CED4B /* AppDelegate.m in Sources */,
				40C787352A4B1F5100AA447F /* SelectFoodViewController.m in Sources */,
				40682AF62A320E0D0014DDB7 /* Sign_up_ViewController.m in Sources */,
				40C787052A49C34B00AA447F /* MineViewController.m in Sources */,
				40C7872D2A4AECDE00AA447F /* PublishView.m in Sources */,
				40CEE2E22A308836004CED4B /* main.m in Sources */,
				40C786FF2A49C32D00AA447F /* PublishViewController.m in Sources */,
				40C786FC2A49C31C00AA447F /* RecordViewController.m in Sources */,
				40CEE2D42A308835004CED4B /* SceneDelegate.m in Sources */,
				40682AF32A320DFC0014DDB7 /* Sign_in_ViewController.m in Sources */,
			);
			runOnlyForDeploymentPostprocessing = 0;
		};
		40CEE2E32A308836004CED4B /* Sources */ = {
			isa = PBXSourcesBuildPhase;
			buildActionMask = 2147483647;
			files = (
				40CEE2EC2A308836004CED4B /* ____Tests.m in Sources */,
			);
			runOnlyForDeploymentPostprocessing = 0;
		};
		40CEE2ED2A308836004CED4B /* Sources */ = {
			isa = PBXSourcesBuildPhase;
			buildActionMask = 2147483647;
			files = (
				40CEE2F82A308836004CED4B /* ____UITestsLaunchTests.m in Sources */,
				40CEE2F62A308836004CED4B /* ____UITests.m in Sources */,
			);
			runOnlyForDeploymentPostprocessing = 0;
		};
/* End PBXSourcesBuildPhase section */

/* Begin PBXTargetDependency section */
		40CEE2E92A308836004CED4B /* PBXTargetDependency */ = {
			isa = PBXTargetDependency;
			target = 40CEE2CB2A308835004CED4B /* 福迪吃吃 */;
			targetProxy = 40CEE2E82A308836004CED4B /* PBXContainerItemProxy */;
		};
		40CEE2F32A308836004CED4B /* PBXTargetDependency */ = {
			isa = PBXTargetDependency;
			target = 40CEE2CB2A308835004CED4B /* 福迪吃吃 */;
			targetProxy = 40CEE2F22A308836004CED4B /* PBXContainerItemProxy */;
		};
/* End PBXTargetDependency section */

/* Begin PBXVariantGroup section */
		40CEE2D82A308835004CED4B /* Main.storyboard */ = {
			isa = PBXVariantGroup;
			children = (
				40CEE2D92A308835004CED4B /* Base */,
			);
			name = Main.storyboard;
			sourceTree = "<group>";
		};
		40CEE2DD2A308836004CED4B /* LaunchScreen.storyboard */ = {
			isa = PBXVariantGroup;
			children = (
				40CEE2DE2A308836004CED4B /* Base */,
			);
			name = LaunchScreen.storyboard;
			sourceTree = "<group>";
		};
/* End PBXVariantGroup section */

/* Begin XCBuildConfiguration section */
		40CEE2F92A308836004CED4B /* Debug */ = {
			isa = XCBuildConfiguration;
			buildSettings = {
				ALWAYS_SEARCH_USER_PATHS = NO;
				CLANG_ANALYZER_NONNULL = YES;
				CLANG_ANALYZER_NUMBER_OBJECT_CONVERSION = YES_AGGRESSIVE;
				CLANG_CXX_LANGUAGE_STANDARD = "gnu++20";
				CLANG_ENABLE_MODULES = YES;
				CLANG_ENABLE_OBJC_ARC = YES;
				CLANG_ENABLE_OBJC_WEAK = YES;
				CLANG_WARN_BLOCK_CAPTURE_AUTORELEASING = YES;
				CLANG_WARN_BOOL_CONVERSION = YES;
				CLANG_WARN_COMMA = YES;
				CLANG_WARN_CONSTANT_CONVERSION = YES;
				CLANG_WARN_DEPRECATED_OBJC_IMPLEMENTATIONS = YES;
				CLANG_WARN_DIRECT_OBJC_ISA_USAGE = YES_ERROR;
				CLANG_WARN_DOCUMENTATION_COMMENTS = YES;
				CLANG_WARN_EMPTY_BODY = YES;
				CLANG_WARN_ENUM_CONVERSION = YES;
				CLANG_WARN_INFINITE_RECURSION = YES;
				CLANG_WARN_INT_CONVERSION = YES;
				CLANG_WARN_NON_LITERAL_NULL_CONVERSION = YES;
				CLANG_WARN_OBJC_IMPLICIT_RETAIN_SELF = YES;
				CLANG_WARN_OBJC_LITERAL_CONVERSION = YES;
				CLANG_WARN_OBJC_ROOT_CLASS = YES_ERROR;
				CLANG_WARN_QUOTED_INCLUDE_IN_FRAMEWORK_HEADER = YES;
				CLANG_WARN_RANGE_LOOP_ANALYSIS = YES;
				CLANG_WARN_STRICT_PROTOTYPES = YES;
				CLANG_WARN_SUSPICIOUS_MOVE = YES;
				CLANG_WARN_UNGUARDED_AVAILABILITY = YES_AGGRESSIVE;
				CLANG_WARN_UNREACHABLE_CODE = YES;
				CLANG_WARN__DUPLICATE_METHOD_MATCH = YES;
				COPY_PHASE_STRIP = NO;
				DEBUG_INFORMATION_FORMAT = dwarf;
				ENABLE_STRICT_OBJC_MSGSEND = YES;
				ENABLE_TESTABILITY = YES;
				GCC_C_LANGUAGE_STANDARD = gnu11;
				GCC_DYNAMIC_NO_PIC = NO;
				GCC_NO_COMMON_BLOCKS = YES;
				GCC_OPTIMIZATION_LEVEL = 0;
				GCC_PREPROCESSOR_DEFINITIONS = (
					"DEBUG=1",
					"$(inherited)",
				);
				GCC_WARN_64_TO_32_BIT_CONVERSION = YES;
				GCC_WARN_ABOUT_RETURN_TYPE = YES_ERROR;
				GCC_WARN_UNDECLARED_SELECTOR = YES;
				GCC_WARN_UNINITIALIZED_AUTOS = YES_AGGRESSIVE;
				GCC_WARN_UNUSED_FUNCTION = YES;
				GCC_WARN_UNUSED_VARIABLE = YES;
				IPHONEOS_DEPLOYMENT_TARGET = 16.4;
				MTL_ENABLE_DEBUG_INFO = INCLUDE_SOURCE;
				MTL_FAST_MATH = YES;
				ONLY_ACTIVE_ARCH = YES;
				SDKROOT = iphoneos;
			};
			name = Debug;
		};
		40CEE2FA2A308836004CED4B /* Release */ = {
			isa = XCBuildConfiguration;
			buildSettings = {
				ALWAYS_SEARCH_USER_PATHS = NO;
				CLANG_ANALYZER_NONNULL = YES;
				CLANG_ANALYZER_NUMBER_OBJECT_CONVERSION = YES_AGGRESSIVE;
				CLANG_CXX_LANGUAGE_STANDARD = "gnu++20";
				CLANG_ENABLE_MODULES = YES;
				CLANG_ENABLE_OBJC_ARC = YES;
				CLANG_ENABLE_OBJC_WEAK = YES;
				CLANG_WARN_BLOCK_CAPTURE_AUTORELEASING = YES;
				CLANG_WARN_BOOL_CONVERSION = YES;
				CLANG_WARN_COMMA = YES;
				CLANG_WARN_CONSTANT_CONVERSION = YES;
				CLANG_WARN_DEPRECATED_OBJC_IMPLEMENTATIONS = YES;
				CLANG_WARN_DIRECT_OBJC_ISA_USAGE = YES_ERROR;
				CLANG_WARN_DOCUMENTATION_COMMENTS = YES;
				CLANG_WARN_EMPTY_BODY = YES;
				CLANG_WARN_ENUM_CONVERSION = YES;
				CLANG_WARN_INFINITE_RECURSION = YES;
				CLANG_WARN_INT_CONVERSION = YES;
				CLANG_WARN_NON_LITERAL_NULL_CONVERSION = YES;
				CLANG_WARN_OBJC_IMPLICIT_RETAIN_SELF = YES;
				CLANG_WARN_OBJC_LITERAL_CONVERSION = YES;
				CLANG_WARN_OBJC_ROOT_CLASS = YES_ERROR;
				CLANG_WARN_QUOTED_INCLUDE_IN_FRAMEWORK_HEADER = YES;
				CLANG_WARN_RANGE_LOOP_ANALYSIS = YES;
				CLANG_WARN_STRICT_PROTOTYPES = YES;
				CLANG_WARN_SUSPICIOUS_MOVE = YES;
				CLANG_WARN_UNGUARDED_AVAILABILITY = YES_AGGRESSIVE;
				CLANG_WARN_UNREACHABLE_CODE = YES;
				CLANG_WARN__DUPLICATE_METHOD_MATCH = YES;
				COPY_PHASE_STRIP = NO;
				DEBUG_INFORMATION_FORMAT = "dwarf-with-dsym";
				ENABLE_NS_ASSERTIONS = NO;
				ENABLE_STRICT_OBJC_MSGSEND = YES;
				GCC_C_LANGUAGE_STANDARD = gnu11;
				GCC_NO_COMMON_BLOCKS = YES;
				GCC_WARN_64_TO_32_BIT_CONVERSION = YES;
				GCC_WARN_ABOUT_RETURN_TYPE = YES_ERROR;
				GCC_WARN_UNDECLARED_SELECTOR = YES;
				GCC_WARN_UNINITIALIZED_AUTOS = YES_AGGRESSIVE;
				GCC_WARN_UNUSED_FUNCTION = YES;
				GCC_WARN_UNUSED_VARIABLE = YES;
				IPHONEOS_DEPLOYMENT_TARGET = 16.4;
				MTL_ENABLE_DEBUG_INFO = NO;
				MTL_FAST_MATH = YES;
				SDKROOT = iphoneos;
				VALIDATE_PRODUCT = YES;
			};
			name = Release;
		};
		40CEE2FC2A308836004CED4B /* Debug */ = {
			isa = XCBuildConfiguration;
			baseConfigurationReference = 5C5AB2D90BF1A8F4FCF84213 /* Pods-福迪吃吃.debug.xcconfig */;
			buildSettings = {
				ASSETCATALOG_COMPILER_APPICON_NAME = AppIcon;
				ASSETCATALOG_COMPILER_GLOBAL_ACCENT_COLOR_NAME = AccentColor;
				CODE_SIGN_STYLE = Automatic;
				CURRENT_PROJECT_VERSION = 1;
				DEVELOPMENT_TEAM = T3358MNV2M;
				GENERATE_INFOPLIST_FILE = YES;
				INFOPLIST_FILE = "福迪吃吃/Info.plist";
				INFOPLIST_KEY_UIApplicationSupportsIndirectInputEvents = YES;
				INFOPLIST_KEY_UILaunchStoryboardName = LaunchScreen;
				INFOPLIST_KEY_UIMainStoryboardFile = Main;
				INFOPLIST_KEY_UISupportedInterfaceOrientations = "UIInterfaceOrientationLandscapeLeft UIInterfaceOrientationLandscapeRight UIInterfaceOrientationPortrait";
				INFOPLIST_KEY_UISupportedInterfaceOrientations_iPad = "UIInterfaceOrientationLandscapeLeft UIInterfaceOrientationLandscapeRight UIInterfaceOrientationPortrait UIInterfaceOrientationPortraitUpsideDown";
				LD_RUNPATH_SEARCH_PATHS = (
					"$(inherited)",
					"@executable_path/Frameworks",
				);
				MARKETING_VERSION = 1.0;
				PRODUCT_BUNDLE_IDENTIFIER = "test1.----";
				PRODUCT_NAME = "$(TARGET_NAME)";
				SWIFT_EMIT_LOC_STRINGS = YES;
				TARGETED_DEVICE_FAMILY = "1,2";
			};
			name = Debug;
		};
		40CEE2FD2A308836004CED4B /* Release */ = {
			isa = XCBuildConfiguration;
			baseConfigurationReference = C570EAEC684B999B9EB42C90 /* Pods-福迪吃吃.release.xcconfig */;
			buildSettings = {
				ASSETCATALOG_COMPILER_APPICON_NAME = AppIcon;
				ASSETCATALOG_COMPILER_GLOBAL_ACCENT_COLOR_NAME = AccentColor;
				CODE_SIGN_STYLE = Automatic;
				CURRENT_PROJECT_VERSION = 1;
				DEVELOPMENT_TEAM = T3358MNV2M;
				GENERATE_INFOPLIST_FILE = YES;
				INFOPLIST_FILE = "福迪吃吃/Info.plist";
				INFOPLIST_KEY_UIApplicationSupportsIndirectInputEvents = YES;
				INFOPLIST_KEY_UILaunchStoryboardName = LaunchScreen;
				INFOPLIST_KEY_UIMainStoryboardFile = Main;
				INFOPLIST_KEY_UISupportedInterfaceOrientations = "UIInterfaceOrientationLandscapeLeft UIInterfaceOrientationLandscapeRight UIInterfaceOrientationPortrait";
				INFOPLIST_KEY_UISupportedInterfaceOrientations_iPad = "UIInterfaceOrientationLandscapeLeft UIInterfaceOrientationLandscapeRight UIInterfaceOrientationPortrait UIInterfaceOrientationPortraitUpsideDown";
				LD_RUNPATH_SEARCH_PATHS = (
					"$(inherited)",
					"@executable_path/Frameworks",
				);
				MARKETING_VERSION = 1.0;
				PRODUCT_BUNDLE_IDENTIFIER = "test1.----";
				PRODUCT_NAME = "$(TARGET_NAME)";
				SWIFT_EMIT_LOC_STRINGS = YES;
				TARGETED_DEVICE_FAMILY = "1,2";
			};
			name = Release;
		};
		40CEE2FF2A308836004CED4B /* Debug */ = {
			isa = XCBuildConfiguration;
			buildSettings = {
				BUNDLE_LOADER = "$(TEST_HOST)";
				CODE_SIGN_STYLE = Automatic;
				CURRENT_PROJECT_VERSION = 1;
				DEVELOPMENT_TEAM = T3358MNV2M;
				GENERATE_INFOPLIST_FILE = YES;
				IPHONEOS_DEPLOYMENT_TARGET = 16.4;
				MARKETING_VERSION = 1.0;
				PRODUCT_BUNDLE_IDENTIFIER = "test1.----Tests";
				PRODUCT_NAME = "$(TARGET_NAME)";
				SWIFT_EMIT_LOC_STRINGS = NO;
				TARGETED_DEVICE_FAMILY = "1,2";
				TEST_HOST = "$(BUILT_PRODUCTS_DIR)/福迪吃吃.app/$(BUNDLE_EXECUTABLE_FOLDER_PATH)/福迪吃吃";
			};
			name = Debug;
		};
		40CEE3002A308836004CED4B /* Release */ = {
			isa = XCBuildConfiguration;
			buildSettings = {
				BUNDLE_LOADER = "$(TEST_HOST)";
				CODE_SIGN_STYLE = Automatic;
				CURRENT_PROJECT_VERSION = 1;
				DEVELOPMENT_TEAM = T3358MNV2M;
				GENERATE_INFOPLIST_FILE = YES;
				IPHONEOS_DEPLOYMENT_TARGET = 16.4;
				MARKETING_VERSION = 1.0;
				PRODUCT_BUNDLE_IDENTIFIER = "test1.----Tests";
				PRODUCT_NAME = "$(TARGET_NAME)";
				SWIFT_EMIT_LOC_STRINGS = NO;
				TARGETED_DEVICE_FAMILY = "1,2";
				TEST_HOST = "$(BUILT_PRODUCTS_DIR)/福迪吃吃.app/$(BUNDLE_EXECUTABLE_FOLDER_PATH)/福迪吃吃";
			};
			name = Release;
		};
		40CEE3022A308836004CED4B /* Debug */ = {
			isa = XCBuildConfiguration;
			buildSettings = {
				CODE_SIGN_STYLE = Automatic;
				CURRENT_PROJECT_VERSION = 1;
				DEVELOPMENT_TEAM = T3358MNV2M;
				GENERATE_INFOPLIST_FILE = YES;
				MARKETING_VERSION = 1.0;
				PRODUCT_BUNDLE_IDENTIFIER = "test1.----UITests";
				PRODUCT_NAME = "$(TARGET_NAME)";
				SWIFT_EMIT_LOC_STRINGS = NO;
				TARGETED_DEVICE_FAMILY = "1,2";
				TEST_TARGET_NAME = "福迪吃吃";
			};
			name = Debug;
		};
		40CEE3032A308836004CED4B /* Release */ = {
			isa = XCBuildConfiguration;
			buildSettings = {
				CODE_SIGN_STYLE = Automatic;
				CURRENT_PROJECT_VERSION = 1;
				DEVELOPMENT_TEAM = T3358MNV2M;
				GENERATE_INFOPLIST_FILE = YES;
				MARKETING_VERSION = 1.0;
				PRODUCT_BUNDLE_IDENTIFIER = "test1.----UITests";
				PRODUCT_NAME = "$(TARGET_NAME)";
				SWIFT_EMIT_LOC_STRINGS = NO;
				TARGETED_DEVICE_FAMILY = "1,2";
				TEST_TARGET_NAME = "福迪吃吃";
			};
			name = Release;
		};
/* End XCBuildConfiguration section */

/* Begin XCConfigurationList section */
		40CEE2C72A308835004CED4B /* Build configuration list for PBXProject "福迪吃吃" */ = {
			isa = XCConfigurationList;
			buildConfigurations = (
				40CEE2F92A308836004CED4B /* Debug */,
				40CEE2FA2A308836004CED4B /* Release */,
			);
			defaultConfigurationIsVisible = 0;
			defaultConfigurationName = Release;
		};
		40CEE2FB2A308836004CED4B /* Build configuration list for PBXNativeTarget "福迪吃吃" */ = {
			isa = XCConfigurationList;
			buildConfigurations = (
				40CEE2FC2A308836004CED4B /* Debug */,
				40CEE2FD2A308836004CED4B /* Release */,
			);
			defaultConfigurationIsVisible = 0;
			defaultConfigurationName = Release;
		};
		40CEE2FE2A308836004CED4B /* Build configuration list for PBXNativeTarget "福迪吃吃Tests" */ = {
			isa = XCConfigurationList;
			buildConfigurations = (
				40CEE2FF2A308836004CED4B /* Debug */,
				40CEE3002A308836004CED4B /* Release */,
			);
			defaultConfigurationIsVisible = 0;
			defaultConfigurationName = Release;
		};
		40CEE3012A308836004CED4B /* Build configuration list for PBXNativeTarget "福迪吃吃UITests" */ = {
			isa = XCConfigurationList;
			buildConfigurations = (
				40CEE3022A308836004CED4B /* Debug */,
				40CEE3032A308836004CED4B /* Release */,
			);
			defaultConfigurationIsVisible = 0;
			defaultConfigurationName = Release;
		};
/* End XCConfigurationList section */
	};
	rootObject = 40CEE2C42A308835004CED4B /* Project object */;
}
